
Microsoft Visual Studio Solution File, Format Version 12.00
# Visual Studio Version 17
VisualStudioVersion = 17.6.33815.320
MinimumVisualStudioVersion = 10.0.40219.1
Project("{FAE04EC0-301F-11D3-BF4B-00C04F79EFBC}") = "YaziTuraOyunu2", "YaziTuraOyunu2\YaziTuraOyunu2.csproj", "{6B4B3477-D026-46FE-9978-71F11FFCE887}"
EndProject
Global
	GlobalSection(SolutionConfigurationPlatforms) = preSolution
		Debug|Any CPU = Debug|Any CPU
		Release|Any CPU = Release|Any CPU
	EndGlobalSection
	GlobalSection(ProjectConfigurationPlatforms) = postSolution
		{6B4B3477-D026-46FE-9978-71F11FFCE887}.Debug|Any CPU.ActiveCfg = Debug|Any CPU
		{6B4B3477-D026-46FE-9978-71F11FFCE887}.Debug|Any CPU.Build.0 = Debug|Any CPU
		{6B4B3477-D026-46FE-9978-71F11FFCE887}.Release|Any CPU.ActiveCfg = Release|Any CPU
		{6B4B3477-D026-46FE-9978-71F11FFCE887}.Release|Any CPU.Build.0 = Release|Any CPU
	EndGlobalSection
	GlobalSection(SolutionProperties) = preSolution
		HideSolutionNode = FALSE
	EndGlobalSection
	GlobalSection(ExtensibilityGlobals) = postSolution
		SolutionGuid = {D0364002-BF1B-4886-BD58-64B8E5033A21}
	EndGlobalSection
EndGlobal
